
Microsoft Visual Studio Solution File, Format Version 12.00
# Visual Studio Version 16
VisualStudioVersion = 16.0.31009.304
MinimumVisualStudioVersion = 10.0.40219.1
Project("{9A19103F-16F7-4668-BE54-9A1E7A4F7556}") = "AWSServerless1", "AWSServerless1\AWSServerless1.csproj", "{132DEA17-1BB3-41FC-A8C5-12E87AAB02B6}"
EndProject
Global
	GlobalSection(SolutionConfigurationPlatforms) = preSolution
		Debug|Any CPU = Debug|Any CPU
		Release|Any CPU = Release|Any CPU
	EndGlobalSection
	GlobalSection(ProjectConfigurationPlatforms) = postSolution
		{132DEA17-1BB3-41FC-A8C5-12E87AAB02B6}.Debug|Any CPU.ActiveCfg = Debug|Any CPU
		{132DEA17-1BB3-41FC-A8C5-12E87AAB02B6}.Debug|Any CPU.Build.0 = Debug|Any CPU
		{132DEA17-1BB3-41FC-A8C5-12E87AAB02B6}.Release|Any CPU.ActiveCfg = Release|Any CPU
		{132DEA17-1BB3-41FC-A8C5-12E87AAB02B6}.Release|Any CPU.Build.0 = Release|Any CPU
	EndGlobalSection
	GlobalSection(SolutionProperties) = preSolution
		HideSolutionNode = FALSE
	EndGlobalSection
	GlobalSection(ExtensibilityGlobals) = postSolution
		SolutionGuid = {A63372B8-8FA5-490C-BD9C-D7C753353C26}
	EndGlobalSection
EndGlobal
